// !$*UTF8*$!
{
	archiveVersion = 1;
	classes = {
	};
	objectVersion = 56;
	objects = {

/* Begin PBXBuildFile section */
		472228ED2B24D11C0066269B /* RegisterStepTwoView.swift in Sources */ = {isa = PBXBuildFile; fileRef = 472228EC2B24D11C0066269B /* RegisterStepTwoView.swift */; };
		47281A8A2B2CAF980055079D /* ChatView.swift in Sources */ = {isa = PBXBuildFile; fileRef = 47281A892B2CAF980055079D /* ChatView.swift */; };
		47281A8C2B2CB2A70055079D /* UserMessageView.swift in Sources */ = {isa = PBXBuildFile; fileRef = 47281A8B2B2CB2A70055079D /* UserMessageView.swift */; };
		47281A8E2B2CD6130055079D /* ChatRoomView.swift in Sources */ = {isa = PBXBuildFile; fileRef = 47281A8D2B2CD6130055079D /* ChatRoomView.swift */; };
		47281A902B2CD78B0055079D /* CommentCardView.swift in Sources */ = {isa = PBXBuildFile; fileRef = 47281A8F2B2CD78B0055079D /* CommentCardView.swift */; };
		47333B8A2B2A04CF009E7085 /* ImageCardView.swift in Sources */ = {isa = PBXBuildFile; fileRef = 47333B892B2A04CF009E7085 /* ImageCardView.swift */; };
		473B7F9F2B251CD10020C4A3 /* HomeView.swift in Sources */ = {isa = PBXBuildFile; fileRef = 473B7F9E2B251CD10020C4A3 /* HomeView.swift */; };
		47432DBD2B291D8800289881 /* PostView.swift in Sources */ = {isa = PBXBuildFile; fileRef = 47432DBC2B291D8800289881 /* PostView.swift */; };
		475767602B298EE000414B26 /* MessageCardView.swift in Sources */ = {isa = PBXBuildFile; fileRef = 4757675F2B298EE000414B26 /* MessageCardView.swift */; };
		475767632B29A5CA00414B26 /* TabViewState.swift in Sources */ = {isa = PBXBuildFile; fileRef = 475767622B29A5CA00414B26 /* TabViewState.swift */; };
		47B5CF692B276A7700593B84 /* Roboto-BlackItalic.ttf in Resources */ = {isa = PBXBuildFile; fileRef = 47B5CF5D2B276A7600593B84 /* Roboto-BlackItalic.ttf */; };
		47B5CF6A2B276A7700593B84 /* Roboto-Medium.ttf in Resources */ = {isa = PBXBuildFile; fileRef = 47B5CF5E2B276A7600593B84 /* Roboto-Medium.ttf */; };
		47B5CF6B2B276A7700593B84 /* Roboto-Light.ttf in Resources */ = {isa = PBXBuildFile; fileRef = 47B5CF5F2B276A7600593B84 /* Roboto-Light.ttf */; };
		47B5CF6C2B276A7700593B84 /* Roboto-MediumItalic.ttf in Resources */ = {isa = PBXBuildFile; fileRef = 47B5CF602B276A7600593B84 /* Roboto-MediumItalic.ttf */; };
		47B5CF6D2B276A7700593B84 /* Roboto-LightItalic.ttf in Resources */ = {isa = PBXBuildFile; fileRef = 47B5CF612B276A7600593B84 /* Roboto-LightItalic.ttf */; };
		47B5CF6E2B276A7700593B84 /* Roboto-ThinItalic.ttf in Resources */ = {isa = PBXBuildFile; fileRef = 47B5CF622B276A7600593B84 /* Roboto-ThinItalic.ttf */; };
		47B5CF6F2B276A7700593B84 /* Roboto-Bold.ttf in Resources */ = {isa = PBXBuildFile; fileRef = 47B5CF632B276A7600593B84 /* Roboto-Bold.ttf */; };
		47B5CF702B276A7700593B84 /* Roboto-Black.ttf in Resources */ = {isa = PBXBuildFile; fileRef = 47B5CF642B276A7600593B84 /* Roboto-Black.ttf */; };
		47B5CF712B276A7700593B84 /* Roboto-BoldItalic.ttf in Resources */ = {isa = PBXBuildFile; fileRef = 47B5CF652B276A7600593B84 /* Roboto-BoldItalic.ttf */; };
		47B5CF722B276A7700593B84 /* Roboto-Italic.ttf in Resources */ = {isa = PBXBuildFile; fileRef = 47B5CF662B276A7700593B84 /* Roboto-Italic.ttf */; };
		47B5CF732B276A7700593B84 /* Roboto-Thin.ttf in Resources */ = {isa = PBXBuildFile; fileRef = 47B5CF672B276A7700593B84 /* Roboto-Thin.ttf */; };
		47B5CF742B276A7700593B84 /* Roboto-Regular.ttf in Resources */ = {isa = PBXBuildFile; fileRef = 47B5CF682B276A7700593B84 /* Roboto-Regular.ttf */; };
		47D2314C2B2391EE00314493 /* SplashView.swift in Sources */ = {isa = PBXBuildFile; fileRef = 47D2314B2B2391EE00314493 /* SplashView.swift */; };
		47D2314F2B239D8600314493 /* Comfortaa-VariableFont_wght.ttf in Resources */ = {isa = PBXBuildFile; fileRef = 47D2314E2B239D8600314493 /* Comfortaa-VariableFont_wght.ttf */; };
		47D231552B239DD400314493 /* Comfortaa-Medium.ttf in Resources */ = {isa = PBXBuildFile; fileRef = 47D231502B239DD400314493 /* Comfortaa-Medium.ttf */; };
		47D231562B239DD400314493 /* Comfortaa-SemiBold.ttf in Resources */ = {isa = PBXBuildFile; fileRef = 47D231512B239DD400314493 /* Comfortaa-SemiBold.ttf */; };
		47D231572B239DD400314493 /* Comfortaa-Regular.ttf in Resources */ = {isa = PBXBuildFile; fileRef = 47D231522B239DD400314493 /* Comfortaa-Regular.ttf */; };
		47D231582B239DD400314493 /* Comfortaa-Light.ttf in Resources */ = {isa = PBXBuildFile; fileRef = 47D231532B239DD400314493 /* Comfortaa-Light.ttf */; };
		47D231592B239DD400314493 /* Comfortaa-Bold.ttf in Resources */ = {isa = PBXBuildFile; fileRef = 47D231542B239DD400314493 /* Comfortaa-Bold.ttf */; };
		47D2315C2B23C0CD00314493 /* MyButton.swift in Sources */ = {isa = PBXBuildFile; fileRef = 47D2315B2B23C0CD00314493 /* MyButton.swift */; };
		47D2315E2B23CD8F00314493 /* RegisterStepOneView.swift in Sources */ = {isa = PBXBuildFile; fileRef = 47D2315D2B23CD8F00314493 /* RegisterStepOneView.swift */; };
		47D5B3782B237C58006792CA /* images_appApp.swift in Sources */ = {isa = PBXBuildFile; fileRef = 47D5B3772B237C58006792CA /* images_appApp.swift */; };
		47D5B37A2B237C58006792CA /* ContentView.swift in Sources */ = {isa = PBXBuildFile; fileRef = 47D5B3792B237C58006792CA /* ContentView.swift */; };
		47D5B37C2B237C5C006792CA /* Assets.xcassets in Resources */ = {isa = PBXBuildFile; fileRef = 47D5B37B2B237C5C006792CA /* Assets.xcassets */; };
		47D5B37F2B237C5C006792CA /* Preview Assets.xcassets in Resources */ = {isa = PBXBuildFile; fileRef = 47D5B37E2B237C5C006792CA /* Preview Assets.xcassets */; };
		47D5B3892B238B2D006792CA /* LoginView.swift in Sources */ = {isa = PBXBuildFile; fileRef = 47D5B3882B238B2D006792CA /* LoginView.swift */; };
		47D8C74D2B26FAE700D45E9D /* NewTodayCardView.swift in Sources */ = {isa = PBXBuildFile; fileRef = 47D8C74C2B26FAE700D45E9D /* NewTodayCardView.swift */; };
		47D8C74F2B26FC1E00D45E9D /* UserProfileImageView.swift in Sources */ = {isa = PBXBuildFile; fileRef = 47D8C74E2B26FC1E00D45E9D /* UserProfileImageView.swift */; };
		47E343982B28BBA6009F879E /* SearchView.swift in Sources */ = {isa = PBXBuildFile; fileRef = 47E343972B28BBA6009F879E /* SearchView.swift */; };
		47E3439A2B28BBC1009F879E /* CommentView.swift in Sources */ = {isa = PBXBuildFile; fileRef = 47E343992B28BBC1009F879E /* CommentView.swift */; };
		47E3439C2B28BBD7009F879E /* ProfileView.swift in Sources */ = {isa = PBXBuildFile; fileRef = 47E3439B2B28BBD7009F879E /* ProfileView.swift */; };
		47E3439E2B28D095009F879E /* NewPostView.swift in Sources */ = {isa = PBXBuildFile; fileRef = 47E3439D2B28D095009F879E /* NewPostView.swift */; };
/* End PBXBuildFile section */

/* Begin PBXFileReference section */
		472228EC2B24D11C0066269B /* RegisterStepTwoView.swift */ = {isa = PBXFileReference; lastKnownFileType = sourcecode.swift; path = RegisterStepTwoView.swift; sourceTree = "<group>"; };
		47281A892B2CAF980055079D /* ChatView.swift */ = {isa = PBXFileReference; lastKnownFileType = sourcecode.swift; path = ChatView.swift; sourceTree = "<group>"; };
		47281A8B2B2CB2A70055079D /* UserMessageView.swift */ = {isa = PBXFileReference; lastKnownFileType = sourcecode.swift; path = UserMessageView.swift; sourceTree = "<group>"; };
		47281A8D2B2CD6130055079D /* ChatRoomView.swift */ = {isa = PBXFileReference; lastKnownFileType = sourcecode.swift; path = ChatRoomView.swift; sourceTree = "<group>"; };
		47281A8F2B2CD78B0055079D /* CommentCardView.swift */ = {isa = PBXFileReference; lastKnownFileType = sourcecode.swift; path = CommentCardView.swift; sourceTree = "<group>"; };
		47333B892B2A04CF009E7085 /* ImageCardView.swift */ = {isa = PBXFileReference; lastKnownFileType = sourcecode.swift; path = ImageCardView.swift; sourceTree = "<group>"; };
		473B7F9E2B251CD10020C4A3 /* HomeView.swift */ = {isa = PBXFileReference; lastKnownFileType = sourcecode.swift; path = HomeView.swift; sourceTree = "<group>"; };
		47432DBC2B291D8800289881 /* PostView.swift */ = {isa = PBXFileReference; lastKnownFileType = sourcecode.swift; path = PostView.swift; sourceTree = "<group>"; };
		4757675F2B298EE000414B26 /* MessageCardView.swift */ = {isa = PBXFileReference; lastKnownFileType = sourcecode.swift; path = MessageCardView.swift; sourceTree = "<group>"; };
		475767622B29A5CA00414B26 /* TabViewState.swift */ = {isa = PBXFileReference; lastKnownFileType = sourcecode.swift; path = TabViewState.swift; sourceTree = "<group>"; };
		47B5CF5D2B276A7600593B84 /* Roboto-BlackItalic.ttf */ = {isa = PBXFileReference; lastKnownFileType = file; path = "Roboto-BlackItalic.ttf"; sourceTree = "<group>"; };
		47B5CF5E2B276A7600593B84 /* Roboto-Medium.ttf */ = {isa = PBXFileReference; lastKnownFileType = file; path = "Roboto-Medium.ttf"; sourceTree = "<group>"; };
		47B5CF5F2B276A7600593B84 /* Roboto-Light.ttf */ = {isa = PBXFileReference; lastKnownFileType = file; path = "Roboto-Light.ttf"; sourceTree = "<group>"; };
		47B5CF602B276A7600593B84 /* Roboto-MediumItalic.ttf */ = {isa = PBXFileReference; lastKnownFileType = file; path = "Roboto-MediumItalic.ttf"; sourceTree = "<group>"; };
		47B5CF612B276A7600593B84 /* Roboto-LightItalic.ttf */ = {isa = PBXFileReference; lastKnownFileType = file; path = "Roboto-LightItalic.ttf"; sourceTree = "<group>"; };
		47B5CF622B276A7600593B84 /* Roboto-ThinItalic.ttf */ = {isa = PBXFileReference; lastKnownFileType = file; path = "Roboto-ThinItalic.ttf"; sourceTree = "<group>"; };
		47B5CF632B276A7600593B84 /* Roboto-Bold.ttf */ = {isa = PBXFileReference; lastKnownFileType = file; path = "Roboto-Bold.ttf"; sourceTree = "<group>"; };
		47B5CF642B276A7600593B84 /* Roboto-Black.ttf */ = {isa = PBXFileReference; lastKnownFileType = file; path = "Roboto-Black.ttf"; sourceTree = "<group>"; };
		47B5CF652B276A7600593B84 /* Roboto-BoldItalic.ttf */ = {isa = PBXFileReference; lastKnownFileType = file; path = "Roboto-BoldItalic.ttf"; sourceTree = "<group>"; };
		47B5CF662B276A7700593B84 /* Roboto-Italic.ttf */ = {isa = PBXFileReference; lastKnownFileType = file; path = "Roboto-Italic.ttf"; sourceTree = "<group>"; };
		47B5CF672B276A7700593B84 /* Roboto-Thin.ttf */ = {isa = PBXFileReference; lastKnownFileType = file; path = "Roboto-Thin.ttf"; sourceTree = "<group>"; };
		47B5CF682B276A7700593B84 /* Roboto-Regular.ttf */ = {isa = PBXFileReference; lastKnownFileType = file; path = "Roboto-Regular.ttf"; sourceTree = "<group>"; };
		47D2314B2B2391EE00314493 /* SplashView.swift */ = {isa = PBXFileReference; lastKnownFileType = sourcecode.swift; path = SplashView.swift; sourceTree = "<group>"; };
		47D2314E2B239D8600314493 /* Comfortaa-VariableFont_wght.ttf */ = {isa = PBXFileReference; lastKnownFileType = file; path = "Comfortaa-VariableFont_wght.ttf"; sourceTree = "<group>"; };
		47D231502B239DD400314493 /* Comfortaa-Medium.ttf */ = {isa = PBXFileReference; lastKnownFileType = file; path = "Comfortaa-Medium.ttf"; sourceTree = "<group>"; };
		47D231512B239DD400314493 /* Comfortaa-SemiBold.ttf */ = {isa = PBXFileReference; lastKnownFileType = file; path = "Comfortaa-SemiBold.ttf"; sourceTree = "<group>"; };
		47D231522B239DD400314493 /* Comfortaa-Regular.ttf */ = {isa = PBXFileReference; lastKnownFileType = file; path = "Comfortaa-Regular.ttf"; sourceTree = "<group>"; };
		47D231532B239DD400314493 /* Comfortaa-Light.ttf */ = {isa = PBXFileReference; lastKnownFileType = file; path = "Comfortaa-Light.ttf"; sourceTree = "<group>"; };
		47D231542B239DD400314493 /* Comfortaa-Bold.ttf */ = {isa = PBXFileReference; lastKnownFileType = file; path = "Comfortaa-Bold.ttf"; sourceTree = "<group>"; };
		47D2315A2B239F5600314493 /* images-app-Info.plist */ = {isa = PBXFileReference; lastKnownFileType = text.plist; path = "images-app-Info.plist"; sourceTree = SOURCE_ROOT; };
		47D2315B2B23C0CD00314493 /* MyButton.swift */ = {isa = PBXFileReference; lastKnownFileType = sourcecode.swift; path = MyButton.swift; sourceTree = "<group>"; };
		47D2315D2B23CD8F00314493 /* RegisterStepOneView.swift */ = {isa = PBXFileReference; lastKnownFileType = sourcecode.swift; path = RegisterStepOneView.swift; sourceTree = "<group>"; };
		47D5B3742B237C58006792CA /* images_app.app */ = {isa = PBXFileReference; explicitFileType = wrapper.application; includeInIndex = 0; path = images_app.app; sourceTree = BUILT_PRODUCTS_DIR; };
		47D5B3772B237C58006792CA /* images_appApp.swift */ = {isa = PBXFileReference; lastKnownFileType = sourcecode.swift; path = images_appApp.swift; sourceTree = "<group>"; };
		47D5B3792B237C58006792CA /* ContentView.swift */ = {isa = PBXFileReference; lastKnownFileType = sourcecode.swift; path = ContentView.swift; sourceTree = "<group>"; };
		47D5B37B2B237C5C006792CA /* Assets.xcassets */ = {isa = PBXFileReference; lastKnownFileType = folder.assetcatalog; path = Assets.xcassets; sourceTree = "<group>"; };
		47D5B37E2B237C5C006792CA /* Preview Assets.xcassets */ = {isa = PBXFileReference; lastKnownFileType = folder.assetcatalog; path = "Preview Assets.xcassets"; sourceTree = "<group>"; };
		47D5B3882B238B2D006792CA /* LoginView.swift */ = {isa = PBXFileReference; lastKnownFileType = sourcecode.swift; path = LoginView.swift; sourceTree = "<group>"; };
		47D8C74C2B26FAE700D45E9D /* NewTodayCardView.swift */ = {isa = PBXFileReference; lastKnownFileType = sourcecode.swift; path = NewTodayCardView.swift; sourceTree = "<group>"; };
		47D8C74E2B26FC1E00D45E9D /* UserProfileImageView.swift */ = {isa = PBXFileReference; lastKnownFileType = sourcecode.swift; path = UserProfileImageView.swift; sourceTree = "<group>"; };
		47E343972B28BBA6009F879E /* SearchView.swift */ = {isa = PBXFileReference; lastKnownFileType = sourcecode.swift; path = SearchView.swift; sourceTree = "<group>"; };
		47E343992B28BBC1009F879E /* CommentView.swift */ = {isa = PBXFileReference; lastKnownFileType = sourcecode.swift; path = CommentView.swift; sourceTree = "<group>"; };
		47E3439B2B28BBD7009F879E /* ProfileView.swift */ = {isa = PBXFileReference; lastKnownFileType = sourcecode.swift; path = ProfileView.swift; sourceTree = "<group>"; };
		47E3439D2B28D095009F879E /* NewPostView.swift */ = {isa = PBXFileReference; lastKnownFileType = sourcecode.swift; path = NewPostView.swift; sourceTree = "<group>"; };
/* End PBXFileReference section */

/* Begin PBXFrameworksBuildPhase section */
		47D5B3712B237C58006792CA /* Frameworks */ = {
			isa = PBXFrameworksBuildPhase;
			buildActionMask = 2147483647;
			files = (
			);
			runOnlyForDeploymentPostprocessing = 0;
		};
/* End PBXFrameworksBuildPhase section */

/* Begin PBXGroup section */
		47B5CF752B276A8000593B84 /* Roboto */ = {
			isa = PBXGroup;
			children = (
				47B5CF642B276A7600593B84 /* Roboto-Black.ttf */,
				47B5CF5D2B276A7600593B84 /* Roboto-BlackItalic.ttf */,
				47B5CF632B276A7600593B84 /* Roboto-Bold.ttf */,
				47B5CF652B276A7600593B84 /* Roboto-BoldItalic.ttf */,
				47B5CF662B276A7700593B84 /* Roboto-Italic.ttf */,
				47B5CF5F2B276A7600593B84 /* Roboto-Light.ttf */,
				47B5CF612B276A7600593B84 /* Roboto-LightItalic.ttf */,
				47B5CF5E2B276A7600593B84 /* Roboto-Medium.ttf */,
				47B5CF602B276A7600593B84 /* Roboto-MediumItalic.ttf */,
				47B5CF682B276A7700593B84 /* Roboto-Regular.ttf */,
				47B5CF672B276A7700593B84 /* Roboto-Thin.ttf */,
				47B5CF622B276A7600593B84 /* Roboto-ThinItalic.ttf */,
			);
			path = Roboto;
			sourceTree = "<group>";
		};
		47B5CF762B276A9200593B84 /* Comfortaa */ = {
			isa = PBXGroup;
			children = (
				47D231542B239DD400314493 /* Comfortaa-Bold.ttf */,
				47D231532B239DD400314493 /* Comfortaa-Light.ttf */,
				47D231502B239DD400314493 /* Comfortaa-Medium.ttf */,
				47D231522B239DD400314493 /* Comfortaa-Regular.ttf */,
				47D231512B239DD400314493 /* Comfortaa-SemiBold.ttf */,
				47D2314E2B239D8600314493 /* Comfortaa-VariableFont_wght.ttf */,
			);
			path = Comfortaa;
			sourceTree = "<group>";
		};
		47D2314D2B239CD300314493 /* fonts */ = {
			isa = PBXGroup;
			children = (
				47B5CF752B276A8000593B84 /* Roboto */,
				47B5CF762B276A9200593B84 /* Comfortaa */,
			);
			path = fonts;
			sourceTree = "<group>";
		};
		47D5B36B2B237C58006792CA = {
			isa = PBXGroup;
			children = (
				47D5B3762B237C58006792CA /* images_app */,
				47D5B3752B237C58006792CA /* Products */,
			);
			sourceTree = "<group>";
		};
		47D5B3752B237C58006792CA /* Products */ = {
			isa = PBXGroup;
			children = (
				47D5B3742B237C58006792CA /* images_app.app */,
			);
			name = Products;
			sourceTree = "<group>";
		};
		47D5B3762B237C58006792CA /* images_app */ = {
			isa = PBXGroup;
			children = (
				47D2314D2B239CD300314493 /* fonts */,
				47D2315A2B239F5600314493 /* images-app-Info.plist */,
				47D5B3872B238835006792CA /* Utility */,
				47D5B3862B238816006792CA /* Component */,
				47D5B3852B2387FB006792CA /* Screen */,
				47D5B3772B237C58006792CA /* images_appApp.swift */,
				47D5B3792B237C58006792CA /* ContentView.swift */,
				47D5B37B2B237C5C006792CA /* Assets.xcassets */,
				47D5B37D2B237C5C006792CA /* Preview Content */,
			);
			path = images_app;
			sourceTree = "<group>";
		};
		47D5B37D2B237C5C006792CA /* Preview Content */ = {
			isa = PBXGroup;
			children = (
				47D5B37E2B237C5C006792CA /* Preview Assets.xcassets */,
			);
			path = "Preview Content";
			sourceTree = "<group>";
		};
		47D5B3852B2387FB006792CA /* Screen */ = {
			isa = PBXGroup;
			children = (
				47D5B3882B238B2D006792CA /* LoginView.swift */,
				47D2314B2B2391EE00314493 /* SplashView.swift */,
				47D2315D2B23CD8F00314493 /* RegisterStepOneView.swift */,
				472228EC2B24D11C0066269B /* RegisterStepTwoView.swift */,
				473B7F9E2B251CD10020C4A3 /* HomeView.swift */,
				47E343972B28BBA6009F879E /* SearchView.swift */,
				47E343992B28BBC1009F879E /* CommentView.swift */,
				47E3439B2B28BBD7009F879E /* ProfileView.swift */,
				47E3439D2B28D095009F879E /* NewPostView.swift */,
				47432DBC2B291D8800289881 /* PostView.swift */,
				47281A892B2CAF980055079D /* ChatView.swift */,
				47281A8D2B2CD6130055079D /* ChatRoomView.swift */,
			);
			path = Screen;
			sourceTree = "<group>";
		};
		47D5B3862B238816006792CA /* Component */ = {
			isa = PBXGroup;
			children = (
				47D2315B2B23C0CD00314493 /* MyButton.swift */,
				47D8C74C2B26FAE700D45E9D /* NewTodayCardView.swift */,
				47D8C74E2B26FC1E00D45E9D /* UserProfileImageView.swift */,
				4757675F2B298EE000414B26 /* MessageCardView.swift */,
				47333B892B2A04CF009E7085 /* ImageCardView.swift */,
				47281A8B2B2CB2A70055079D /* UserMessageView.swift */,
				47281A8F2B2CD78B0055079D /* CommentCardView.swift */,
			);
			path = Component;
			sourceTree = "<group>";
		};
		47D5B3872B238835006792CA /* Utility */ = {
			isa = PBXGroup;
			children = (
				475767622B29A5CA00414B26 /* TabViewState.swift */,
			);
			path = Utility;
			sourceTree = "<group>";
		};
/* End PBXGroup section */

/* Begin PBXNativeTarget section */
		47D5B3732B237C58006792CA /* images_app */ = {
			isa = PBXNativeTarget;
			buildConfigurationList = 47D5B3822B237C5C006792CA /* Build configuration list for PBXNativeTarget "images_app" */;
			buildPhases = (
				47D5B3702B237C58006792CA /* Sources */,
				47D5B3712B237C58006792CA /* Frameworks */,
				47D5B3722B237C58006792CA /* Resources */,
			);
			buildRules = (
			);
			dependencies = (
			);
			name = images_app;
			productName = images_app;
			productReference = 47D5B3742B237C58006792CA /* images_app.app */;
			productType = "com.apple.product-type.application";
		};
/* End PBXNativeTarget section */

/* Begin PBXProject section */
		47D5B36C2B237C58006792CA /* Project object */ = {
			isa = PBXProject;
			attributes = {
				BuildIndependentTargetsInParallel = 1;
				LastSwiftUpdateCheck = 1500;
				LastUpgradeCheck = 1500;
				TargetAttributes = {
					47D5B3732B237C58006792CA = {
						CreatedOnToolsVersion = 15.0.1;
					};
				};
			};
			buildConfigurationList = 47D5B36F2B237C58006792CA /* Build configuration list for PBXProject "images_app" */;
			compatibilityVersion = "Xcode 14.0";
			developmentRegion = en;
			hasScannedForEncodings = 0;
			knownRegions = (
				en,
				Base,
			);
			mainGroup = 47D5B36B2B237C58006792CA;
			productRefGroup = 47D5B3752B237C58006792CA /* Products */;
			projectDirPath = "";
			projectRoot = "";
			targets = (
				47D5B3732B237C58006792CA /* images_app */,
			);
		};
/* End PBXProject section */

/* Begin PBXResourcesBuildPhase section */
		47D5B3722B237C58006792CA /* Resources */ = {
			isa = PBXResourcesBuildPhase;
			buildActionMask = 2147483647;
			files = (
				47B5CF712B276A7700593B84 /* Roboto-BoldItalic.ttf in Resources */,
				47B5CF722B276A7700593B84 /* Roboto-Italic.ttf in Resources */,
				47B5CF742B276A7700593B84 /* Roboto-Regular.ttf in Resources */,
				47B5CF6A2B276A7700593B84 /* Roboto-Medium.ttf in Resources */,
				47D231592B239DD400314493 /* Comfortaa-Bold.ttf in Resources */,
				47B5CF6F2B276A7700593B84 /* Roboto-Bold.ttf in Resources */,
				47D231562B239DD400314493 /* Comfortaa-SemiBold.ttf in Resources */,
				47B5CF6B2B276A7700593B84 /* Roboto-Light.ttf in Resources */,
				47B5CF6D2B276A7700593B84 /* Roboto-LightItalic.ttf in Resources */,
				47B5CF6C2B276A7700593B84 /* Roboto-MediumItalic.ttf in Resources */,
				47D5B37F2B237C5C006792CA /* Preview Assets.xcassets in Resources */,
				47D2314F2B239D8600314493 /* Comfortaa-VariableFont_wght.ttf in Resources */,
				47B5CF692B276A7700593B84 /* Roboto-BlackItalic.ttf in Resources */,
				47D231552B239DD400314493 /* Comfortaa-Medium.ttf in Resources */,
				47B5CF702B276A7700593B84 /* Roboto-Black.ttf in Resources */,
				47B5CF732B276A7700593B84 /* Roboto-Thin.ttf in Resources */,
				47B5CF6E2B276A7700593B84 /* Roboto-ThinItalic.ttf in Resources */,
				47D231582B239DD400314493 /* Comfortaa-Light.ttf in Resources */,
				47D231572B239DD400314493 /* Comfortaa-Regular.ttf in Resources */,
				47D5B37C2B237C5C006792CA /* Assets.xcassets in Resources */,
			);
			runOnlyForDeploymentPostprocessing = 0;
		};
/* End PBXResourcesBuildPhase section */

/* Begin PBXSourcesBuildPhase section */
		47D5B3702B237C58006792CA /* Sources */ = {
			isa = PBXSourcesBuildPhase;
			buildActionMask = 2147483647;
			files = (
				47281A902B2CD78B0055079D /* CommentCardView.swift in Sources */,
				47281A8A2B2CAF980055079D /* ChatView.swift in Sources */,
				47D5B3892B238B2D006792CA /* LoginView.swift in Sources */,
				475767632B29A5CA00414B26 /* TabViewState.swift in Sources */,
				47281A8C2B2CB2A70055079D /* UserMessageView.swift in Sources */,
				47D2314C2B2391EE00314493 /* SplashView.swift in Sources */,
				47D2315C2B23C0CD00314493 /* MyButton.swift in Sources */,
				47E3439E2B28D095009F879E /* NewPostView.swift in Sources */,
				472228ED2B24D11C0066269B /* RegisterStepTwoView.swift in Sources */,
				47333B8A2B2A04CF009E7085 /* ImageCardView.swift in Sources */,
				47D2315E2B23CD8F00314493 /* RegisterStepOneView.swift in Sources */,
				473B7F9F2B251CD10020C4A3 /* HomeView.swift in Sources */,
				47281A8E2B2CD6130055079D /* ChatRoomView.swift in Sources */,
				47E3439A2B28BBC1009F879E /* CommentView.swift in Sources */,
				47D5B37A2B237C58006792CA /* ContentView.swift in Sources */,
				47D8C74D2B26FAE700D45E9D /* NewTodayCardView.swift in Sources */,
				475767602B298EE000414B26 /* MessageCardView.swift in Sources */,
				47D5B3782B237C58006792CA /* images_appApp.swift in Sources */,
				47E3439C2B28BBD7009F879E /* ProfileView.swift in Sources */,
				47D8C74F2B26FC1E00D45E9D /* UserProfileImageView.swift in Sources */,
				47432DBD2B291D8800289881 /* PostView.swift in Sources */,
				47E343982B28BBA6009F879E /* SearchView.swift in Sources */,
			);
			runOnlyForDeploymentPostprocessing = 0;
		};
/* End PBXSourcesBuildPhase section */

/* Begin XCBuildConfiguration section */
		47D5B3802B237C5C006792CA /* Debug */ = {
			isa = XCBuildConfiguration;
			buildSettings = {
				ALWAYS_SEARCH_USER_PATHS = NO;
				ASSETCATALOG_COMPILER_GENERATE_SWIFT_ASSET_SYMBOL_EXTENSIONS = YES;
				CLANG_ANALYZER_NONNULL = YES;
				CLANG_ANALYZER_NUMBER_OBJECT_CONVERSION = YES_AGGRESSIVE;
				CLANG_CXX_LANGUAGE_STANDARD = "gnu++20";
				CLANG_ENABLE_MODULES = YES;
				CLANG_ENABLE_OBJC_ARC = YES;
				CLANG_ENABLE_OBJC_WEAK = YES;
				CLANG_WARN_BLOCK_CAPTURE_AUTORELEASING = YES;
				CLANG_WARN_BOOL_CONVERSION = YES;
				CLANG_WARN_COMMA = YES;
				CLANG_WARN_CONSTANT_CONVERSION = YES;
				CLANG_WARN_DEPRECATED_OBJC_IMPLEMENTATIONS = YES;
				CLANG_WARN_DIRECT_OBJC_ISA_USAGE = YES_ERROR;
				CLANG_WARN_DOCUMENTATION_COMMENTS = YES;
				CLANG_WARN_EMPTY_BODY = YES;
				CLANG_WARN_ENUM_CONVERSION = YES;
				CLANG_WARN_INFINITE_RECURSION = YES;
				CLANG_WARN_INT_CONVERSION = YES;
				CLANG_WARN_NON_LITERAL_NULL_CONVERSION = YES;
				CLANG_WARN_OBJC_IMPLICIT_RETAIN_SELF = YES;
				CLANG_WARN_OBJC_LITERAL_CONVERSION = YES;
				CLANG_WARN_OBJC_ROOT_CLASS = YES_ERROR;
				CLANG_WARN_QUOTED_INCLUDE_IN_FRAMEWORK_HEADER = YES;
				CLANG_WARN_RANGE_LOOP_ANALYSIS = YES;
				CLANG_WARN_STRICT_PROTOTYPES = YES;
				CLANG_WARN_SUSPICIOUS_MOVE = YES;
				CLANG_WARN_UNGUARDED_AVAILABILITY = YES_AGGRESSIVE;
				CLANG_WARN_UNREACHABLE_CODE = YES;
				CLANG_WARN__DUPLICATE_METHOD_MATCH = YES;
				COPY_PHASE_STRIP = NO;
				DEBUG_INFORMATION_FORMAT = dwarf;
				ENABLE_STRICT_OBJC_MSGSEND = YES;
				ENABLE_TESTABILITY = YES;
				ENABLE_USER_SCRIPT_SANDBOXING = YES;
				GCC_C_LANGUAGE_STANDARD = gnu17;
				GCC_DYNAMIC_NO_PIC = NO;
				GCC_NO_COMMON_BLOCKS = YES;
				GCC_OPTIMIZATION_LEVEL = 0;
				GCC_PREPROCESSOR_DEFINITIONS = (
					"DEBUG=1",
					"$(inherited)",
				);
				GCC_WARN_64_TO_32_BIT_CONVERSION = YES;
				GCC_WARN_ABOUT_RETURN_TYPE = YES_ERROR;
				GCC_WARN_UNDECLARED_SELECTOR = YES;
				GCC_WARN_UNINITIALIZED_AUTOS = YES_AGGRESSIVE;
				GCC_WARN_UNUSED_FUNCTION = YES;
				GCC_WARN_UNUSED_VARIABLE = YES;
				IPHONEOS_DEPLOYMENT_TARGET = 17.0;
				LOCALIZATION_PREFERS_STRING_CATALOGS = YES;
				MTL_ENABLE_DEBUG_INFO = INCLUDE_SOURCE;
				MTL_FAST_MATH = YES;
				ONLY_ACTIVE_ARCH = YES;
				SDKROOT = iphoneos;
				SWIFT_ACTIVE_COMPILATION_CONDITIONS = "DEBUG $(inherited)";
				SWIFT_OPTIMIZATION_LEVEL = "-Onone";
			};
			name = Debug;
		};
		47D5B3812B237C5C006792CA /* Release */ = {
			isa = XCBuildConfiguration;
			buildSettings = {
				ALWAYS_SEARCH_USER_PATHS = NO;
				ASSETCATALOG_COMPILER_GENERATE_SWIFT_ASSET_SYMBOL_EXTENSIONS = YES;
				CLANG_ANALYZER_NONNULL = YES;
				CLANG_ANALYZER_NUMBER_OBJECT_CONVERSION = YES_AGGRESSIVE;
				CLANG_CXX_LANGUAGE_STANDARD = "gnu++20";
				CLANG_ENABLE_MODULES = YES;
				CLANG_ENABLE_OBJC_ARC = YES;
				CLANG_ENABLE_OBJC_WEAK = YES;
				CLANG_WARN_BLOCK_CAPTURE_AUTORELEASING = YES;
				CLANG_WARN_BOOL_CONVERSION = YES;
				CLANG_WARN_COMMA = YES;
				CLANG_WARN_CONSTANT_CONVERSION = YES;
				CLANG_WARN_DEPRECATED_OBJC_IMPLEMENTATIONS = YES;
				CLANG_WARN_DIRECT_OBJC_ISA_USAGE = YES_ERROR;
				CLANG_WARN_DOCUMENTATION_COMMENTS = YES;
				CLANG_WARN_EMPTY_BODY = YES;
				CLANG_WARN_ENUM_CONVERSION = YES;
				CLANG_WARN_INFINITE_RECURSION = YES;
				CLANG_WARN_INT_CONVERSION = YES;
				CLANG_WARN_NON_LITERAL_NULL_CONVERSION = YES;
				CLANG_WARN_OBJC_IMPLICIT_RETAIN_SELF = YES;
				CLANG_WARN_OBJC_LITERAL_CONVERSION = YES;
				CLANG_WARN_OBJC_ROOT_CLASS = YES_ERROR;
				CLANG_WARN_QUOTED_INCLUDE_IN_FRAMEWORK_HEADER = YES;
				CLANG_WARN_RANGE_LOOP_ANALYSIS = YES;
				CLANG_WARN_STRICT_PROTOTYPES = YES;
				CLANG_WARN_SUSPICIOUS_MOVE = YES;
				CLANG_WARN_UNGUARDED_AVAILABILITY = YES_AGGRESSIVE;
				CLANG_WARN_UNREACHABLE_CODE = YES;
				CLANG_WARN__DUPLICATE_METHOD_MATCH = YES;
				COPY_PHASE_STRIP = NO;
				DEBUG_INFORMATION_FORMAT = "dwarf-with-dsym";
				ENABLE_NS_ASSERTIONS = NO;
				ENABLE_STRICT_OBJC_MSGSEND = YES;
				ENABLE_USER_SCRIPT_SANDBOXING = YES;
				GCC_C_LANGUAGE_STANDARD = gnu17;
				GCC_NO_COMMON_BLOCKS = YES;
				GCC_WARN_64_TO_32_BIT_CONVERSION = YES;
				GCC_WARN_ABOUT_RETURN_TYPE = YES_ERROR;
				GCC_WARN_UNDECLARED_SELECTOR = YES;
				GCC_WARN_UNINITIALIZED_AUTOS = YES_AGGRESSIVE;
				GCC_WARN_UNUSED_FUNCTION = YES;
				GCC_WARN_UNUSED_VARIABLE = YES;
				IPHONEOS_DEPLOYMENT_TARGET = 17.0;
				LOCALIZATION_PREFERS_STRING_CATALOGS = YES;
				MTL_ENABLE_DEBUG_INFO = NO;
				MTL_FAST_MATH = YES;
				SDKROOT = iphoneos;
				SWIFT_COMPILATION_MODE = wholemodule;
				VALIDATE_PRODUCT = YES;
			};
			name = Release;
		};
		47D5B3832B237C5C006792CA /* Debug */ = {
			isa = XCBuildConfiguration;
			buildSettings = {
				ASSETCATALOG_COMPILER_APPICON_NAME = AppIcon;
				ASSETCATALOG_COMPILER_GLOBAL_ACCENT_COLOR_NAME = AccentColor;
				CODE_SIGN_STYLE = Automatic;
				CURRENT_PROJECT_VERSION = 1;
				DEVELOPMENT_ASSET_PATHS = "\"images_app/Preview Content\"";
				DEVELOPMENT_TEAM = 5CBB9J9RA4;
				ENABLE_PREVIEWS = YES;
				GENERATE_INFOPLIST_FILE = YES;
				INFOPLIST_FILE = "images-app-Info.plist";
				INFOPLIST_KEY_UIApplicationSceneManifest_Generation = YES;
				INFOPLIST_KEY_UIApplicationSupportsIndirectInputEvents = YES;
				INFOPLIST_KEY_UILaunchScreen_Generation = YES;
				INFOPLIST_KEY_UISupportedInterfaceOrientations_iPad = "UIInterfaceOrientationPortrait UIInterfaceOrientationPortraitUpsideDown UIInterfaceOrientationLandscapeLeft UIInterfaceOrientationLandscapeRight";
				INFOPLIST_KEY_UISupportedInterfaceOrientations_iPhone = "UIInterfaceOrientationPortrait UIInterfaceOrientationLandscapeLeft UIInterfaceOrientationLandscapeRight";
				LD_RUNPATH_SEARCH_PATHS = (
					"$(inherited)",
					"@executable_path/Frameworks",
				);
				MARKETING_VERSION = 1.0;
				PRODUCT_BUNDLE_IDENTIFIER = "com.studioan.images-app";
				PRODUCT_NAME = "$(TARGET_NAME)";
				SWIFT_EMIT_LOC_STRINGS = YES;
				SWIFT_VERSION = 5.0;
				TARGETED_DEVICE_FAMILY = "1,2";
			};
			name = Debug;
		};
		47D5B3842B237C5C006792CA /* Release */ = {
			isa = XCBuildConfiguration;
			buildSettings = {
				ASSETCATALOG_COMPILER_APPICON_NAME = AppIcon;
				ASSETCATALOG_COMPILER_GLOBAL_ACCENT_COLOR_NAME = AccentColor;
				CODE_SIGN_STYLE = Automatic;
				CURRENT_PROJECT_VERSION = 1;
				DEVELOPMENT_ASSET_PATHS = "\"images_app/Preview Content\"";
				DEVELOPMENT_TEAM = 5CBB9J9RA4;
				ENABLE_PREVIEWS = YES;
				GENERATE_INFOPLIST_FILE = YES;
				INFOPLIST_FILE = "images-app-Info.plist";
				INFOPLIST_KEY_UIApplicationSceneManifest_Generation = YES;
				INFOPLIST_KEY_UIApplicationSupportsIndirectInputEvents = YES;
				INFOPLIST_KEY_UILaunchScreen_Generation = YES;
				INFOPLIST_KEY_UISupportedInterfaceOrientations_iPad = "UIInterfaceOrientationPortrait UIInterfaceOrientationPortraitUpsideDown UIInterfaceOrientationLandscapeLeft UIInterfaceOrientationLandscapeRight";
				INFOPLIST_KEY_UISupportedInterfaceOrientations_iPhone = "UIInterfaceOrientationPortrait UIInterfaceOrientationLandscapeLeft UIInterfaceOrientationLandscapeRight";
				LD_RUNPATH_SEARCH_PATHS = (
					"$(inherited)",
					"@executable_path/Frameworks",
				);
				MARKETING_VERSION = 1.0;
				PRODUCT_BUNDLE_IDENTIFIER = "com.studioan.images-app";
				PRODUCT_NAME = "$(TARGET_NAME)";
				SWIFT_EMIT_LOC_STRINGS = YES;
				SWIFT_VERSION = 5.0;
				TARGETED_DEVICE_FAMILY = "1,2";
			};
			name = Release;
		};
/* End XCBuildConfiguration section */

/* Begin XCConfigurationList section */
		47D5B36F2B237C58006792CA /* Build configuration list for PBXProject "images_app" */ = {
			isa = XCConfigurationList;
			buildConfigurations = (
				47D5B3802B237C5C006792CA /* Debug */,
				47D5B3812B237C5C006792CA /* Release */,
			);
			defaultConfigurationIsVisible = 0;
			defaultConfigurationName = Release;
		};
		47D5B3822B237C5C006792CA /* Build configuration list for PBXNativeTarget "images_app" */ = {
			isa = XCConfigurationList;
			buildConfigurations = (
				47D5B3832B237C5C006792CA /* Debug */,
				47D5B3842B237C5C006792CA /* Release */,
			);
			defaultConfigurationIsVisible = 0;
			defaultConfigurationName = Release;
		};
/* End XCConfigurationList section */
	};
	rootObject = 47D5B36C2B237C58006792CA /* Project object */;
}
